
Microsoft Visual Studio Solution File, Format Version 12.00
# Visual Studio Version 17
VisualStudioVersion = 17.8.34330.188
MinimumVisualStudioVersion = 10.0.40219.1
Project("{9A19103F-16F7-4668-BE54-9A1E7A4F7556}") = "ShopWebApi", "ShopWebApi.csproj", "{3E1B90FC-3935-47B3-A154-8269C79BC109}"
	ProjectSection(ProjectDependencies) = postProject
		{8865531D-703A-4F71-99A2-0DD784B37C2A} = {8865531D-703A-4F71-99A2-0DD784B37C2A}
	EndProjectSection
EndProject
Project("{9A19103F-16F7-4668-BE54-9A1E7A4F7556}") = "DbLevel", "..\ApplicationDbContext\DbLevel.csproj", "{9F3D6C50-0CAD-4F30-8F1D-351642A5A765}"
EndProject
Project("{9A19103F-16F7-4668-BE54-9A1E7A4F7556}") = "BussinessLogicLevel", "..\BussinessLogicLevel\BussinessLogicLevel.csproj", "{F4B7F0D6-A49A-44A9-B152-F1D0185174FF}"
EndProject
Project("{2150E333-8FDC-42A3-9474-1A3956D46DE8}") = "backend", "backend", "{3DBE9CEB-CADB-4328-BD7E-8C7A98689309}"
EndProject
Project("{FAE04EC0-301F-11D3-BF4B-00C04F79EFBC}") = "Infrastucture", "..\ClassLibrary1\Infrastucture.csproj", "{8865531D-703A-4F71-99A2-0DD784B37C2A}"
EndProject
Global
	GlobalSection(SolutionConfigurationPlatforms) = preSolution
		Debug|Any CPU = Debug|Any CPU
		Release|Any CPU = Release|Any CPU
	EndGlobalSection
	GlobalSection(ProjectConfigurationPlatforms) = postSolution
		{3E1B90FC-3935-47B3-A154-8269C79BC109}.Debug|Any CPU.ActiveCfg = Debug|Any CPU
		{3E1B90FC-3935-47B3-A154-8269C79BC109}.Debug|Any CPU.Build.0 = Debug|Any CPU
		{3E1B90FC-3935-47B3-A154-8269C79BC109}.Release|Any CPU.ActiveCfg = Release|Any CPU
		{3E1B90FC-3935-47B3-A154-8269C79BC109}.Release|Any CPU.Build.0 = Release|Any CPU
		{9F3D6C50-0CAD-4F30-8F1D-351642A5A765}.Debug|Any CPU.ActiveCfg = Debug|Any CPU
		{9F3D6C50-0CAD-4F30-8F1D-351642A5A765}.Debug|Any CPU.Build.0 = Debug|Any CPU
		{9F3D6C50-0CAD-4F30-8F1D-351642A5A765}.Release|Any CPU.ActiveCfg = Release|Any CPU
		{9F3D6C50-0CAD-4F30-8F1D-351642A5A765}.Release|Any CPU.Build.0 = Release|Any CPU
		{F4B7F0D6-A49A-44A9-B152-F1D0185174FF}.Debug|Any CPU.ActiveCfg = Debug|Any CPU
		{F4B7F0D6-A49A-44A9-B152-F1D0185174FF}.Debug|Any CPU.Build.0 = Debug|Any CPU
		{F4B7F0D6-A49A-44A9-B152-F1D0185174FF}.Release|Any CPU.ActiveCfg = Release|Any CPU
		{F4B7F0D6-A49A-44A9-B152-F1D0185174FF}.Release|Any CPU.Build.0 = Release|Any CPU
		{8865531D-703A-4F71-99A2-0DD784B37C2A}.Debug|Any CPU.ActiveCfg = Debug|Any CPU
		{8865531D-703A-4F71-99A2-0DD784B37C2A}.Debug|Any CPU.Build.0 = Debug|Any CPU
		{8865531D-703A-4F71-99A2-0DD784B37C2A}.Release|Any CPU.ActiveCfg = Release|Any CPU
		{8865531D-703A-4F71-99A2-0DD784B37C2A}.Release|Any CPU.Build.0 = Release|Any CPU
	EndGlobalSection
	GlobalSection(SolutionProperties) = preSolution
		HideSolutionNode = FALSE
	EndGlobalSection
	GlobalSection(NestedProjects) = preSolution
		{3E1B90FC-3935-47B3-A154-8269C79BC109} = {3DBE9CEB-CADB-4328-BD7E-8C7A98689309}
		{9F3D6C50-0CAD-4F30-8F1D-351642A5A765} = {3DBE9CEB-CADB-4328-BD7E-8C7A98689309}
		{F4B7F0D6-A49A-44A9-B152-F1D0185174FF} = {3DBE9CEB-CADB-4328-BD7E-8C7A98689309}
		{8865531D-703A-4F71-99A2-0DD784B37C2A} = {3DBE9CEB-CADB-4328-BD7E-8C7A98689309}
	EndGlobalSection
	GlobalSection(ExtensibilityGlobals) = postSolution
		SolutionGuid = {65809FB1-6330-4B81-A586-BBC0F1A18865}
	EndGlobalSection
EndGlobal
