
Microsoft Visual Studio Solution File, Format Version 12.00
# Visual Studio Version 17
VisualStudioVersion = 17.8.34330.188
MinimumVisualStudioVersion = 10.0.40219.1
Project("{FAE04EC0-301F-11D3-BF4B-00C04F79EFBC}") = "ShopWebApi", "ShopWebApi.csproj", "{3E1B90FC-3935-47B3-A154-8269C79BC109}"
EndProject
Global
	GlobalSection(SolutionConfigurationPlatforms) = preSolution
		Debug|Any CPU = Debug|Any CPU
		Release|Any CPU = Release|Any CPU
	EndGlobalSection
	GlobalSection(ProjectConfigurationPlatforms) = postSolution
		{3E1B90FC-3935-47B3-A154-8269C79BC109}.Debug|Any CPU.ActiveCfg = Debug|Any CPU
		{3E1B90FC-3935-47B3-A154-8269C79BC109}.Debug|Any CPU.Build.0 = Debug|Any CPU
		{3E1B90FC-3935-47B3-A154-8269C79BC109}.Release|Any CPU.ActiveCfg = Release|Any CPU
		{3E1B90FC-3935-47B3-A154-8269C79BC109}.Release|Any CPU.Build.0 = Release|Any CPU
	EndGlobalSection
	GlobalSection(SolutionProperties) = preSolution
		HideSolutionNode = FALSE
	EndGlobalSection
	GlobalSection(ExtensibilityGlobals) = postSolution
		SolutionGuid = {65809FB1-6330-4B81-A586-BBC0F1A18865}
	EndGlobalSection
EndGlobal
